
Microsoft Visual Studio Solution File, Format Version 12.00
# Visual Studio Version 16
VisualStudioVersion = 16.0.31624.102
MinimumVisualStudioVersion = 10.0.40219.1
Project("{FAE04EC0-301F-11D3-BF4B-00C04F79EFBC}") = "Laba6", "Laba6\Laba6.csproj", "{45DA9708-BC4F-41EB-BE88-5F22908C1039}"
EndProject
Global
	GlobalSection(SolutionConfigurationPlatforms) = preSolution
		Debug|Any CPU = Debug|Any CPU
		Release|Any CPU = Release|Any CPU
	EndGlobalSection
	GlobalSection(ProjectConfigurationPlatforms) = postSolution
		{45DA9708-BC4F-41EB-BE88-5F22908C1039}.Debug|Any CPU.ActiveCfg = Debug|Any CPU
		{45DA9708-BC4F-41EB-BE88-5F22908C1039}.Debug|Any CPU.Build.0 = Debug|Any CPU
		{45DA9708-BC4F-41EB-BE88-5F22908C1039}.Release|Any CPU.ActiveCfg = Release|Any CPU
		{45DA9708-BC4F-41EB-BE88-5F22908C1039}.Release|Any CPU.Build.0 = Release|Any CPU
	EndGlobalSection
	GlobalSection(SolutionProperties) = preSolution
		HideSolutionNode = FALSE
	EndGlobalSection
	GlobalSection(ExtensibilityGlobals) = postSolution
		SolutionGuid = {E7A0A99F-C29B-4A68-ABCD-51692EC6781C}
	EndGlobalSection
EndGlobal
